
Microsoft Visual Studio Solution File, Format Version 12.00
# Visual Studio Version 17
VisualStudioVersion = 17.14.36511.14
MinimumVisualStudioVersion = 10.0.40219.1
Project("{FAE04EC0-301F-11D3-BF4B-00C04F79EFBC}") = "fs-2025-assessment-1-75026", "fs-2025-a-api-demo-002\fs-2025-assessment-1-75026.csproj", "{4A326228-9395-47ED-9925-CDE28E4D34A5}"
EndProject
Project("{FAE04EC0-301F-11D3-BF4B-00C04F79EFBC}") = "fs-2025-assessment-1-75026.Tests", "fs-2025-assessment-1-75026.Tests\fs-2025-assessment-1-75026.Tests.csproj", "{E9FA6853-7D22-4D79-BECF-2C2BA727A11F}"
EndProject
Global
	GlobalSection(SolutionConfigurationPlatforms) = preSolution
		Debug|Any CPU = Debug|Any CPU
		Release|Any CPU = Release|Any CPU
	EndGlobalSection
	GlobalSection(ProjectConfigurationPlatforms) = postSolution
		{4A326228-9395-47ED-9925-CDE28E4D34A5}.Debug|Any CPU.ActiveCfg = Debug|Any CPU
		{4A326228-9395-47ED-9925-CDE28E4D34A5}.Debug|Any CPU.Build.0 = Debug|Any CPU
		{4A326228-9395-47ED-9925-CDE28E4D34A5}.Release|Any CPU.ActiveCfg = Release|Any CPU
		{4A326228-9395-47ED-9925-CDE28E4D34A5}.Release|Any CPU.Build.0 = Release|Any CPU
		{E9FA6853-7D22-4D79-BECF-2C2BA727A11F}.Debug|Any CPU.ActiveCfg = Debug|Any CPU
		{E9FA6853-7D22-4D79-BECF-2C2BA727A11F}.Debug|Any CPU.Build.0 = Debug|Any CPU
		{E9FA6853-7D22-4D79-BECF-2C2BA727A11F}.Release|Any CPU.ActiveCfg = Release|Any CPU
		{E9FA6853-7D22-4D79-BECF-2C2BA727A11F}.Release|Any CPU.Build.0 = Release|Any CPU
	EndGlobalSection
	GlobalSection(SolutionProperties) = preSolution
		HideSolutionNode = FALSE
	EndGlobalSection
	GlobalSection(ExtensibilityGlobals) = postSolution
		SolutionGuid = {AA202C95-6D37-4501-A031-45D6C0B9D9AE}
	EndGlobalSection
EndGlobal
